# This file is automatically @generated by Cargo.
# It is not intended for manual editing.
[[package]]
name = "farfisa"
version = "0.1.0"
dependencies = [
 "fluidsynth 0.0.1 (registry+https://github.com/rust-lang/crates.io-index)",
 "rppal 0.11.2 (registry+https://github.com/rust-lang/crates.io-index)",
]

[[package]]
name = "fluidsynth"
version = "0.0.1"
source = "registry+https://github.com/rust-lang/crates.io-index"
dependencies = [
 "libc 0.2.55 (registry+https://github.com/rust-lang/crates.io-index)",
]

[[package]]
name = "lazy_static"
version = "1.3.0"
source = "registry+https://github.com/rust-lang/crates.io-index"

[[package]]
name = "libc"
version = "0.2.55"
source = "registry+https://github.com/rust-lang/crates.io-index"

[[package]]
name = "rppal"
version = "0.11.2"
source = "registry+https://github.com/rust-lang/crates.io-index"
dependencies = [
 "lazy_static 1.3.0 (registry+https://github.com/rust-lang/crates.io-index)",
 "libc 0.2.55 (registry+https://github.com/rust-lang/crates.io-index)",
]

[metadata]
"checksum fluidsynth 0.0.1 (registry+https://github.com/rust-lang/crates.io-index)" = "b077dc0e36a13fb5866756b816c7525ce04759c3c781879175123d2b5ffa2790"
"checksum lazy_static 1.3.0 (registry+https://github.com/rust-lang/crates.io-index)" = "bc5729f27f159ddd61f4df6228e827e86643d4d3e7c32183cb30a1c08f604a14"
"checksum libc 0.2.55 (registry+https://github.com/rust-lang/crates.io-index)" = "42914d39aad277d9e176efbdad68acb1d5443ab65afe0e0e4f0d49352a950880"
"checksum rppal 0.11.2 (registry+https://github.com/rust-lang/crates.io-index)" = "098084409a8d87ed956bca702838fd9bdad143538e5e70bda7a492577ef68e3f"
