# This file is automatically @generated by Cargo.
# It is not intended for manual editing.
[[package]]
name = "crossterm_input"
version = "0.3.5"
source = "registry+https://github.com/rust-lang/crates.io-index"
dependencies = [
 "crossterm_screen 0.2.3 (registry+https://github.com/rust-lang/crates.io-index)",
 "crossterm_utils 0.2.3 (registry+https://github.com/rust-lang/crates.io-index)",
 "crossterm_winapi 0.1.4 (registry+https://github.com/rust-lang/crates.io-index)",
 "libc 0.2.55 (registry+https://github.com/rust-lang/crates.io-index)",
 "winapi 0.3.7 (registry+https://github.com/rust-lang/crates.io-index)",
]

[[package]]
name = "crossterm_screen"
version = "0.2.3"
source = "registry+https://github.com/rust-lang/crates.io-index"
dependencies = [
 "crossterm_utils 0.2.3 (registry+https://github.com/rust-lang/crates.io-index)",
 "crossterm_winapi 0.1.4 (registry+https://github.com/rust-lang/crates.io-index)",
 "winapi 0.3.7 (registry+https://github.com/rust-lang/crates.io-index)",
]

[[package]]
name = "crossterm_utils"
version = "0.2.3"
source = "registry+https://github.com/rust-lang/crates.io-index"
dependencies = [
 "crossterm_winapi 0.1.4 (registry+https://github.com/rust-lang/crates.io-index)",
 "libc 0.2.55 (registry+https://github.com/rust-lang/crates.io-index)",
 "winapi 0.3.7 (registry+https://github.com/rust-lang/crates.io-index)",
]

[[package]]
name = "crossterm_winapi"
version = "0.1.4"
source = "registry+https://github.com/rust-lang/crates.io-index"
dependencies = [
 "winapi 0.3.7 (registry+https://github.com/rust-lang/crates.io-index)",
]

[[package]]
name = "farfisa"
version = "0.1.0"
dependencies = [
 "crossterm_input 0.3.5 (registry+https://github.com/rust-lang/crates.io-index)",
 "fluidsynth 0.0.1 (registry+https://github.com/rust-lang/crates.io-index)",
 "rppal 0.11.2 (registry+https://github.com/rust-lang/crates.io-index)",
]

[[package]]
name = "fluidsynth"
version = "0.0.1"
source = "registry+https://github.com/rust-lang/crates.io-index"
dependencies = [
 "libc 0.2.55 (registry+https://github.com/rust-lang/crates.io-index)",
]

[[package]]
name = "lazy_static"
version = "1.3.0"
source = "registry+https://github.com/rust-lang/crates.io-index"

[[package]]
name = "libc"
version = "0.2.55"
source = "registry+https://github.com/rust-lang/crates.io-index"

[[package]]
name = "rppal"
version = "0.11.2"
source = "registry+https://github.com/rust-lang/crates.io-index"
dependencies = [
 "lazy_static 1.3.0 (registry+https://github.com/rust-lang/crates.io-index)",
 "libc 0.2.55 (registry+https://github.com/rust-lang/crates.io-index)",
]

[[package]]
name = "winapi"
version = "0.3.7"
source = "registry+https://github.com/rust-lang/crates.io-index"
dependencies = [
 "winapi-i686-pc-windows-gnu 0.4.0 (registry+https://github.com/rust-lang/crates.io-index)",
 "winapi-x86_64-pc-windows-gnu 0.4.0 (registry+https://github.com/rust-lang/crates.io-index)",
]

[[package]]
name = "winapi-i686-pc-windows-gnu"
version = "0.4.0"
source = "registry+https://github.com/rust-lang/crates.io-index"

[[package]]
name = "winapi-x86_64-pc-windows-gnu"
version = "0.4.0"
source = "registry+https://github.com/rust-lang/crates.io-index"

[metadata]
"checksum crossterm_input 0.3.5 (registry+https://github.com/rust-lang/crates.io-index)" = "e225c90aa5ee122602398a309e74aa6e57f559497e96f90eff4437bdf2951f86"
"checksum crossterm_screen 0.2.3 (registry+https://github.com/rust-lang/crates.io-index)" = "90889b9f1d7867a583dede34deab1e32a10379e9eb70d920ca7895e144aa6d65"
"checksum crossterm_utils 0.2.3 (registry+https://github.com/rust-lang/crates.io-index)" = "8321d40908d0ee77cb29335f591eae2b4f7225152f81b9dfa35a161ca3b077dc"
"checksum crossterm_winapi 0.1.4 (registry+https://github.com/rust-lang/crates.io-index)" = "8c061e4a1c47a53952ba0f2396c00a61cd7ab74482eba99b9c9cc77fdca71932"
"checksum fluidsynth 0.0.1 (registry+https://github.com/rust-lang/crates.io-index)" = "b077dc0e36a13fb5866756b816c7525ce04759c3c781879175123d2b5ffa2790"
"checksum lazy_static 1.3.0 (registry+https://github.com/rust-lang/crates.io-index)" = "bc5729f27f159ddd61f4df6228e827e86643d4d3e7c32183cb30a1c08f604a14"
"checksum libc 0.2.55 (registry+https://github.com/rust-lang/crates.io-index)" = "42914d39aad277d9e176efbdad68acb1d5443ab65afe0e0e4f0d49352a950880"
"checksum rppal 0.11.2 (registry+https://github.com/rust-lang/crates.io-index)" = "098084409a8d87ed956bca702838fd9bdad143538e5e70bda7a492577ef68e3f"
"checksum winapi 0.3.7 (registry+https://github.com/rust-lang/crates.io-index)" = "f10e386af2b13e47c89e7236a7a14a086791a2b88ebad6df9bf42040195cf770"
"checksum winapi-i686-pc-windows-gnu 0.4.0 (registry+https://github.com/rust-lang/crates.io-index)" = "ac3b87c63620426dd9b991e5ce0329eff545bccbbb34f3be09ff6fb6ab51b7b6"
"checksum winapi-x86_64-pc-windows-gnu 0.4.0 (registry+https://github.com/rust-lang/crates.io-index)" = "712e227841d057c1ee1cd2fb22fa7e5a5461ae8e48fa2ca79ec42cfc1931183f"
